# This file is automatically @generated by Cargo.
# It is not intended for manual editing.
version = 4

[[package]]
name = "demo_faucet"
version = "0.1.0"

[[package]]
name = "litesvm_baseline"
version = "0.1.0"
dependencies = [
 "demo_faucet",
 "staking_pool",
]

[[package]]
name = "staking_pool"
version = "0.1.0"
